
Microsoft Visual Studio Solution File, Format Version 12.00
# Visual Studio Version 17
VisualStudioVersion = 17.14.36518.9 d17.14
MinimumVisualStudioVersion = 10.0.40219.1
Project("{FAE04EC0-301F-11D3-BF4B-00C04F79EFBC}") = "SchoolManagementSystem", "SchoolManagementSystem.csproj", "{B2D9CE5F-6179-4E42-90AF-670D3A08EC0E}"
EndProject
Global
	GlobalSection(SolutionConfigurationPlatforms) = preSolution
		Debug|Any CPU = Debug|Any CPU
		Release|Any CPU = Release|Any CPU
	EndGlobalSection
	GlobalSection(ProjectConfigurationPlatforms) = postSolution
		{B2D9CE5F-6179-4E42-90AF-670D3A08EC0E}.Debug|Any CPU.ActiveCfg = Debug|Any CPU
		{B2D9CE5F-6179-4E42-90AF-670D3A08EC0E}.Debug|Any CPU.Build.0 = Debug|Any CPU
		{B2D9CE5F-6179-4E42-90AF-670D3A08EC0E}.Release|Any CPU.ActiveCfg = Release|Any CPU
		{B2D9CE5F-6179-4E42-90AF-670D3A08EC0E}.Release|Any CPU.Build.0 = Release|Any CPU
	EndGlobalSection
	GlobalSection(SolutionProperties) = preSolution
		HideSolutionNode = FALSE
	EndGlobalSection
	GlobalSection(ExtensibilityGlobals) = postSolution
		SolutionGuid = {BAFEF56B-B228-4D7F-853B-D09C941131FD}
	EndGlobalSection
EndGlobal
